{
  "name": "MixcVillage",
  "lockfileVersion": 3,
  "requires": true,
  "packages": {
    "": {
      "dependencies": {
        "dayjs": "^1.11.13",
        "tdesign-miniprogram": "^1.9.7",
        "umtrack-wx": "^2.8.0"
      }
    },
    "node_modules/dayjs": {
      "version": "1.11.13",
      "resolved": "https://registry.npmmirror.com/dayjs/-/dayjs-1.11.13.tgz",
      "integrity": "sha512-oaMBel6gjolK862uaPQOVTA7q3TZhuSvuMQAAglQDOWYO9A91IrAOUJEyKVlqJlHE0vq5p5UXxzdPfMH/x6xNg==",
      "license": "MIT"
    },
    "node_modules/tdesign-miniprogram": {
      "version": "1.9.7",
      "resolved": "https://registry.npmmirror.com/tdesign-miniprogram/-/tdesign-miniprogram-1.9.7.tgz",
      "integrity": "sha512-GB92E09U+AltURrpYRM67SPWVcYZ9rgdYChGcgMLJ8VHUIesSwAhevCuSZgxHt+V1F0iPn0EVZ56d+fgeU6dAw==",
      "license": "MIT"
    },
    "node_modules/umtrack-wx": {
      "version": "2.8.0",
      "resolved": "https://registry.npmmirror.com/umtrack-wx/-/umtrack-wx-2.8.0.tgz",
      "integrity": "sha512-F5ul+Q7bDJ6MDrn9ysPAyB9nyP1vCxLGUBkSJ4uvknt8rjmX4tqy1IUnJuWKj9ZH2BtkjRFpldQXJSlLDOYfhQ==",
      "license": "ISC"
    }
  }
}
